{
  "name": "bip39-wasm",
  "version": "2.5.0",
  "lockfileVersion": 1,
  "requires": true,
  "dependencies": {
    "arc-bufferlib": {
      "version": "0.9.1-c",
      "resolved": "https://registry.npmjs.org/arc-bufferlib/-/arc-bufferlib-0.9.1-c.tgz",
      "integrity": "sha512-f3l56n/khVra00SBfyteYGXwylf31XydPeCrGlAsEIGf3Eu/eEkamlxk3mKubDtwHdVMtMj//SH9RFnZeGs72g=="
    },
    "bitcoin-ts": {
      "version": "1.4.0",
      "resolved": "https://registry.npmjs.org/bitcoin-ts/-/bitcoin-ts-1.4.0.tgz",
      "integrity": "sha512-usbCWg0V26wqdyHT7//DMIckBDf2w8WMVkiDREwpWb2x6EjlhWhSN24JNssvpN8vlhCoFF9a1+X8F/gr9h3f4g=="
    },
    "pbkdf2-wasm": {
      "version": "0.8.1",
      "resolved": "https://registry.npmjs.org/pbkdf2-wasm/-/pbkdf2-wasm-0.8.1.tgz",
      "integrity": "sha512-bV5w4vAwFOT0b03iPxUnW1kyc7BZhvgNyK8NfgpSJ6i4jNHiSVrWb6lSNv6Lr47vmS8g7j4rr7xAk/AiZScTOA==",
      "requires": {
        "bitcoin-ts": "1.4.0"
      }
    }
  }
}
